{
  "object": {
    "pins": [
      {
        "package": "Cheers",
        "repositoryURL": "https://github.com/onmyway133/Cheers",
        "state": {
          "branch": "master",
          "revision": "8eebcb02b77c58d963b78f075f054bf6736f22e3",
          "version": null
        }
      },
      {
        "package": "ServerlessLogger",
        "repositoryURL": "https://github.com/jeffreybergier/JSBServerlessLogger.git",
        "state": {
          "branch": "master",
          "revision": "167f71dba4545647c305e5144d1a8899955aaa8b",
          "version": null
        }
      },
      {
        "package": "Realm",
        "repositoryURL": "https://github.com/realm/realm-cocoa.git",
        "state": {
          "branch": null,
          "revision": "fa43b8e2909334c79f233ce472332c136ca108da",
          "version": "4.4.1"
        }
      },
      {
        "package": "RealmCore",
        "repositoryURL": "https://github.com/realm/realm-core",
        "state": {
          "branch": null,
          "revision": "35662ff940e340bf630ad1d1d88acfc7af18bee6",
          "version": "5.23.8"
        }
      },
      {
        "package": "XCGLogger",
        "repositoryURL": "https://github.com/DaveWoodCom/XCGLogger.git",
        "state": {
          "branch": null,
          "revision": "a9c4667b247928a29bdd41be2ec2c8d304215a54",
          "version": "7.0.1"
        }
      }
    ]
  },
  "version": 1
}
