{
  "object": {
    "pins": [
      {
        "package": "Cheers",
        "repositoryURL": "https://github.com/onmyway133/Cheers",
        "state": {
          "branch": "master",
          "revision": "cfcdcfaadd66a8e07fbc7389c42341a2d7fd30a6",
          "version": null
        }
      },
      {
<<<<<<< HEAD
        "package": "Realm",
        "repositoryURL": "https://github.com/realm/realm-cocoa.git",
        "state": {
          "branch": null,
          "revision": "fa43b8e2909334c79f233ce472332c136ca108da",
          "version": "4.4.1"
        }
      },
      {
        "package": "RealmCore",
        "repositoryURL": "https://github.com/realm/realm-core",
        "state": {
          "branch": null,
          "revision": "35662ff940e340bf630ad1d1d88acfc7af18bee6",
          "version": "5.23.8"
        }
      },
      {
=======
>>>>>>> feature/abstract-realm
        "package": "XCGLogger",
        "repositoryURL": "https://github.com/DaveWoodCom/XCGLogger",
        "state": {
          "branch": null,
          "revision": "a9c4667b247928a29bdd41be2ec2c8d304215a54",
          "version": "7.0.1"
        }
      }
    ]
  },
  "version": 1
}
