<?xml version="1.0" encoding="UTF-8"?>
<Scheme
   LastUpgradeVersion = "1250"
   version = "1.3">
   <BuildAction
      parallelizeBuildables = "YES"
      buildImplicitDependencies = "YES">
      <BuildActionEntries>
         <BuildActionEntry
            buildForTesting = "YES"
            buildForRunning = "YES"
            buildForProfiling = "YES"
            buildForArchiving = "YES"
            buildForAnalyzing = "YES">
            <BuildableReference
               BuildableIdentifier = "primary"
               BlueprintIdentifier = "5034764224552CFD00C3DAD3"
               BuildableName = "Datum.framework"
               BlueprintName = "Datum"
               ReferencedContainer = "container:WaterMe.xcodeproj">
            </BuildableReference>
         </BuildActionEntry>
         <BuildActionEntry
            buildForTesting = "YES"
            buildForRunning = "YES"
            buildForProfiling = "NO"
            buildForArchiving = "NO"
            buildForAnalyzing = "NO">
            <BuildableReference
               BuildableIdentifier = "primary"
               BlueprintIdentifier = "5034764A24552CFD00C3DAD3"
               BuildableName = "DatumTests.xctest"
               BlueprintName = "DatumTests"
               ReferencedContainer = "container:WaterMe.xcodeproj">
            </BuildableReference>
         </BuildActionEntry>
      </BuildActionEntries>
   </BuildAction>
   <TestAction
      buildConfiguration = "Debug"
      selectedDebuggerIdentifier = "Xcode.DebuggerFoundation.Debugger.LLDB"
      selectedLauncherIdentifier = "Xcode.DebuggerFoundation.Launcher.LLDB"
      shouldUseLaunchSchemeArgsEnv = "YES">
      <Testables>
         <TestableReference
            skipped = "NO"
            parallelizable = "YES"
            testExecutionOrdering = "random">
            <BuildableReference
               BuildableIdentifier = "primary"
               BlueprintIdentifier = "5034764A24552CFD00C3DAD3"
               BuildableName = "DatumTests.xctest"
               BlueprintName = "DatumTests"
               ReferencedContainer = "container:WaterMe.xcodeproj">
            </BuildableReference>
            <SkippedTests>
               <Test
                  Identifier = "BasicControllerClosureTests">
               </Test>
               <Test
                  Identifier = "BasicControllerCreateUpdateTests">
               </Test>
               <Test
                  Identifier = "BasicControllerDeleteTests">
               </Test>
               <Test
                  Identifier = "BasicControllerReadTests">
               </Test>
               <Test
                  Identifier = "DatumTestsBase">
               </Test>
               <Test
                  Identifier = "GroupedReminderCollectionTests">
               </Test>
               <Test
                  Identifier = "ReminderCollectionTests">
               </Test>
               <Test
                  Identifier = "ReminderPerformTests">
               </Test>
               <Test
                  Identifier = "ReminderTests">
               </Test>
               <Test
                  Identifier = "ReminderVesselCollectionTests">
               </Test>
               <Test
                  Identifier = "ReminderVesselTests">
               </Test>
            </SkippedTests>
         </TestableReference>
      </Testables>
   </TestAction>
   <LaunchAction
      buildConfiguration = "Debug"
      selectedDebuggerIdentifier = "Xcode.DebuggerFoundation.Debugger.LLDB"
      selectedLauncherIdentifier = "Xcode.DebuggerFoundation.Launcher.LLDB"
      launchStyle = "0"
      useCustomWorkingDirectory = "NO"
      ignoresPersistentStateOnLaunch = "NO"
      debugDocumentVersioning = "YES"
      debugServiceExtension = "internal"
      allowLocationSimulation = "YES">
   </LaunchAction>
   <ProfileAction
      buildConfiguration = "Release"
      shouldUseLaunchSchemeArgsEnv = "YES"
      savedToolIdentifier = ""
      useCustomWorkingDirectory = "NO"
      debugDocumentVersioning = "YES">
      <MacroExpansion>
         <BuildableReference
            BuildableIdentifier = "primary"
            BlueprintIdentifier = "5034764224552CFD00C3DAD3"
            BuildableName = "Datum.framework"
            BlueprintName = "Datum"
            ReferencedContainer = "container:WaterMe.xcodeproj">
         </BuildableReference>
      </MacroExpansion>
   </ProfileAction>
   <AnalyzeAction
      buildConfiguration = "Debug">
   </AnalyzeAction>
   <ArchiveAction
      buildConfiguration = "Release"
      revealArchiveInOrganizer = "YES">
   </ArchiveAction>
</Scheme>
