<?xml version="1.0" encoding="UTF-8"?>
<Scheme
   LastUpgradeVersion = "1000"
   version = "1.3">
   <BuildAction
      parallelizeBuildables = "YES"
      buildImplicitDependencies = "YES">
      <BuildActionEntries>
         <BuildActionEntry
            buildForTesting = "YES"
            buildForRunning = "YES"
            buildForProfiling = "YES"
            buildForArchiving = "YES"
            buildForAnalyzing = "YES">
            <BuildableReference
               BuildableIdentifier = "primary"
               BlueprintIdentifier = "50BB0F4F1EBFCDE500850FF4"
               BuildableName = "WaterMe.app"
               BlueprintName = "WaterMe"
               ReferencedContainer = "container:WaterMe.xcodeproj">
            </BuildableReference>
         </BuildActionEntry>
         <BuildActionEntry
            buildForTesting = "YES"
            buildForRunning = "YES"
            buildForProfiling = "NO"
            buildForArchiving = "NO"
            buildForAnalyzing = "NO">
            <BuildableReference
               BuildableIdentifier = "primary"
               BlueprintIdentifier = "5034764A24552CFD00C3DAD3"
               BuildableName = "DatumTests.xctest"
               BlueprintName = "DatumTests"
               ReferencedContainer = "container:WaterMe.xcodeproj">
            </BuildableReference>
         </BuildActionEntry>
         <BuildActionEntry
            buildForTesting = "YES"
            buildForRunning = "YES"
            buildForProfiling = "NO"
            buildForArchiving = "NO"
            buildForAnalyzing = "NO">
            <BuildableReference
               BuildableIdentifier = "primary"
               BlueprintIdentifier = "5034766D24552D0700C3DAD3"
               BuildableName = "StoreTests.xctest"
               BlueprintName = "StoreTests"
               ReferencedContainer = "container:WaterMe.xcodeproj">
            </BuildableReference>
         </BuildActionEntry>
         <BuildActionEntry
            buildForTesting = "YES"
            buildForRunning = "YES"
            buildForProfiling = "NO"
            buildForArchiving = "NO"
            buildForAnalyzing = "NO">
            <BuildableReference
               BuildableIdentifier = "primary"
               BlueprintIdentifier = "50C96A361EC2CFE8002802C1"
               BuildableName = "NoDeviceTests.xctest"
               BlueprintName = "NoDeviceTests"
               ReferencedContainer = "container:WaterMe.xcodeproj">
            </BuildableReference>
         </BuildActionEntry>
         <BuildActionEntry
            buildForTesting = "YES"
            buildForRunning = "YES"
            buildForProfiling = "NO"
            buildForArchiving = "NO"
            buildForAnalyzing = "NO">
            <BuildableReference
               BuildableIdentifier = "primary"
               BlueprintIdentifier = "48A7B0DA2467FCB100DC0861"
               BuildableName = "CalculateTests.xctest"
               BlueprintName = "CalculateTests"
               ReferencedContainer = "container:WaterMe.xcodeproj">
            </BuildableReference>
         </BuildActionEntry>
      </BuildActionEntries>
   </BuildAction>
   <TestAction
      buildConfiguration = "Debug"
      selectedDebuggerIdentifier = "Xcode.DebuggerFoundation.Debugger.LLDB"
      selectedLauncherIdentifier = "Xcode.DebuggerFoundation.Launcher.LLDB"
      shouldUseLaunchSchemeArgsEnv = "YES">
      <MacroExpansion>
         <BuildableReference
            BuildableIdentifier = "primary"
            BlueprintIdentifier = "50BB0F4F1EBFCDE500850FF4"
            BuildableName = "WaterMe.app"
            BlueprintName = "WaterMe"
            ReferencedContainer = "container:WaterMe.xcodeproj">
         </BuildableReference>
      </MacroExpansion>
      <Testables>
         <TestableReference
            skipped = "NO"
            parallelizable = "YES"
            testExecutionOrdering = "random">
            <BuildableReference
               BuildableIdentifier = "primary"
               BlueprintIdentifier = "5034764A24552CFD00C3DAD3"
               BuildableName = "DatumTests.xctest"
               BlueprintName = "DatumTests"
               ReferencedContainer = "container:WaterMe.xcodeproj">
            </BuildableReference>
            <SkippedTests>
               <Test
                  Identifier = "BasicControllerCreateUpdateTests">
               </Test>
               <Test
                  Identifier = "BasicControllerDeleteTests">
               </Test>
               <Test
                  Identifier = "BasicControllerReadTests">
               </Test>
               <Test
                  Identifier = "DatumTestsBase">
               </Test>
               <Test
                  Identifier = "GroupedReminderCollectionTests">
               </Test>
               <Test
                  Identifier = "ModelTests">
               </Test>
               <Test
                  Identifier = "ReminderCollectionTests">
               </Test>
               <Test
                  Identifier = "ReminderVesselCollectionTests">
               </Test>
            </SkippedTests>
         </TestableReference>
         <TestableReference
            skipped = "NO"
            parallelizable = "YES"
            testExecutionOrdering = "random">
            <BuildableReference
               BuildableIdentifier = "primary"
               BlueprintIdentifier = "5034766D24552D0700C3DAD3"
               BuildableName = "StoreTests.xctest"
               BlueprintName = "StoreTests"
               ReferencedContainer = "container:WaterMe.xcodeproj">
            </BuildableReference>
         </TestableReference>
         <TestableReference
            skipped = "NO">
            <BuildableReference
               BuildableIdentifier = "primary"
               BlueprintIdentifier = "48A7B0DA2467FCB100DC0861"
               BuildableName = "CalculateTests.xctest"
               BlueprintName = "CalculateTests"
               ReferencedContainer = "container:WaterMe.xcodeproj">
            </BuildableReference>
         </TestableReference>
         <TestableReference
            skipped = "NO"
            parallelizable = "YES"
            testExecutionOrdering = "random">
            <BuildableReference
               BuildableIdentifier = "primary"
               BlueprintIdentifier = "50C96A361EC2CFE8002802C1"
               BuildableName = "NoDeviceTests.xctest"
               BlueprintName = "NoDeviceTests"
               ReferencedContainer = "container:WaterMe.xcodeproj">
            </BuildableReference>
         </TestableReference>
      </Testables>
   </TestAction>
   <LaunchAction
      buildConfiguration = "Debug"
      selectedDebuggerIdentifier = "Xcode.DebuggerFoundation.Debugger.LLDB"
      selectedLauncherIdentifier = "Xcode.DebuggerFoundation.Launcher.LLDB"
      enableUBSanitizer = "YES"
      launchStyle = "0"
      useCustomWorkingDirectory = "NO"
      ignoresPersistentStateOnLaunch = "NO"
      debugDocumentVersioning = "YES"
      migratedStopOnEveryIssue = "YES"
      debugServiceExtension = "internal"
      allowLocationSimulation = "YES">
      <PreActions>
         <ExecutionAction
            ActionType = "Xcode.IDEStandardExecutionActionsCore.ExecutionActionType.ShellScriptAction">
            <ActionContent
               title = "Run Script"
               scriptText = "xcrun simctl status_bar booted override \&#10;--time &quot;2020-01-01T09:41:00+09:00&quot; \&#10;--dataNetwork wifi \&#10;--wifiMode active \&#10;--wifiBars 3 \&#10;--cellularMode active \&#10;--cellularBars 4 \&#10;--cellularMode notSupported \&#10;--batteryState charged \&#10;--batteryLevel 100&#10;">
            </ActionContent>
         </ExecutionAction>
      </PreActions>
      <PostActions>
         <ExecutionAction
            ActionType = "Xcode.IDEStandardExecutionActionsCore.ExecutionActionType.ShellScriptAction">
            <ActionContent
               title = "Run Script"
               scriptText = "xcrun simctl status_bar booted clear&#10;">
            </ActionContent>
         </ExecutionAction>
      </PostActions>
      <BuildableProductRunnable
         runnableDebuggingMode = "0">
         <BuildableReference
            BuildableIdentifier = "primary"
            BlueprintIdentifier = "50BB0F4F1EBFCDE500850FF4"
            BuildableName = "WaterMe.app"
            BlueprintName = "WaterMe"
            ReferencedContainer = "container:WaterMe.xcodeproj">
         </BuildableReference>
      </BuildableProductRunnable>
      <EnvironmentVariables>
         <EnvironmentVariable
            key = "NSShowNonLocalizedStrings"
            value = "YES"
            isEnabled = "YES">
         </EnvironmentVariable>
      </EnvironmentVariables>
   </LaunchAction>
   <ProfileAction
      buildConfiguration = "Release"
      shouldUseLaunchSchemeArgsEnv = "YES"
      savedToolIdentifier = ""
      useCustomWorkingDirectory = "NO"
      debugDocumentVersioning = "YES">
      <BuildableProductRunnable
         runnableDebuggingMode = "0">
         <BuildableReference
            BuildableIdentifier = "primary"
            BlueprintIdentifier = "50BB0F4F1EBFCDE500850FF4"
            BuildableName = "WaterMe.app"
            BlueprintName = "WaterMe"
            ReferencedContainer = "container:WaterMe.xcodeproj">
         </BuildableReference>
      </BuildableProductRunnable>
   </ProfileAction>
   <AnalyzeAction
      buildConfiguration = "Debug">
   </AnalyzeAction>
   <ArchiveAction
      buildConfiguration = "Release"
      revealArchiveInOrganizer = "YES">
   </ArchiveAction>
</Scheme>
