// !$*UTF8*$!
{
	archiveVersion = 1;
	classes = {
	};
	objectVersion = 46;
	objects = {

/* Begin PBXBuildFile section */
		1CDCBC66D8248B650D75B0D9 /* Pods_WaterMe.framework in Frameworks */ = {isa = PBXBuildFile; fileRef = FE05FF8D436BDE53480BB717 /* Pods_WaterMe.framework */; };
		50BB0F541EBFCDE500850FF4 /* AppDelegate.swift in Sources */ = {isa = PBXBuildFile; fileRef = 50BB0F531EBFCDE500850FF4 /* AppDelegate.swift */; };
		50BB0F5B1EBFCDE500850FF4 /* Assets.xcassets in Resources */ = {isa = PBXBuildFile; fileRef = 50BB0F5A1EBFCDE500850FF4 /* Assets.xcassets */; };
		50BB0F661EBFF9A700850FF4 /* Settings.bundle in Resources */ = {isa = PBXBuildFile; fileRef = 50BB0F651EBFF9A700850FF4 /* Settings.bundle */; };
		50BB0F691EC0011800850FF4 /* LaunchScreen.storyboard in Resources */ = {isa = PBXBuildFile; fileRef = 50BB0F671EC0011800850FF4 /* LaunchScreen.storyboard */; };
		50BB0F6A1EC0011800850FF4 /* SubscriptionChoice.storyboard in Resources */ = {isa = PBXBuildFile; fileRef = 50BB0F681EC0011800850FF4 /* SubscriptionChoice.storyboard */; };
		50BB0F6C1EC001C200850FF4 /* Videos in Resources */ = {isa = PBXBuildFile; fileRef = 50BB0F6B1EC001C200850FF4 /* Videos */; };
		50BB0F711EC00E9500850FF4 /* CloudKit.framework in Frameworks */ = {isa = PBXBuildFile; fileRef = 50BB0F701EC00E9500850FF4 /* CloudKit.framework */; };
		50BB0F751EC01B8E00850FF4 /* UserDefaults.swift in Sources */ = {isa = PBXBuildFile; fileRef = 50BB0F741EC01B8E00850FF4 /* UserDefaults.swift */; };
		50BB0F771EC01DE400850FF4 /* SubscriptionChoiceViewController.swift in Sources */ = {isa = PBXBuildFile; fileRef = 50BB0F761EC01DE400850FF4 /* SubscriptionChoiceViewController.swift */; };
		50BB0F791EC01DF500850FF4 /* SubscriptionChoiceCollectionViewController.swift in Sources */ = {isa = PBXBuildFile; fileRef = 50BB0F781EC01DF500850FF4 /* SubscriptionChoiceCollectionViewController.swift */; };
/* End PBXBuildFile section */

/* Begin PBXFileReference section */
		50BB0F501EBFCDE500850FF4 /* WaterMe.app */ = {isa = PBXFileReference; explicitFileType = wrapper.application; includeInIndex = 0; path = WaterMe.app; sourceTree = BUILT_PRODUCTS_DIR; };
		50BB0F531EBFCDE500850FF4 /* AppDelegate.swift */ = {isa = PBXFileReference; lastKnownFileType = sourcecode.swift; path = AppDelegate.swift; sourceTree = "<group>"; };
		50BB0F5A1EBFCDE500850FF4 /* Assets.xcassets */ = {isa = PBXFileReference; lastKnownFileType = folder.assetcatalog; path = Assets.xcassets; sourceTree = "<group>"; };
		50BB0F5F1EBFCDE500850FF4 /* Info.plist */ = {isa = PBXFileReference; lastKnownFileType = text.plist.xml; path = Info.plist; sourceTree = "<group>"; };
		50BB0F651EBFF9A700850FF4 /* Settings.bundle */ = {isa = PBXFileReference; lastKnownFileType = "wrapper.plug-in"; path = Settings.bundle; sourceTree = "<group>"; };
		50BB0F671EC0011800850FF4 /* LaunchScreen.storyboard */ = {isa = PBXFileReference; fileEncoding = 4; lastKnownFileType = file.storyboard; path = LaunchScreen.storyboard; sourceTree = "<group>"; };
		50BB0F681EC0011800850FF4 /* SubscriptionChoice.storyboard */ = {isa = PBXFileReference; fileEncoding = 4; lastKnownFileType = file.storyboard; path = SubscriptionChoice.storyboard; sourceTree = "<group>"; };
		50BB0F6B1EC001C200850FF4 /* Videos */ = {isa = PBXFileReference; lastKnownFileType = folder; path = Videos; sourceTree = "<group>"; };
		50BB0F6F1EC00E8E00850FF4 /* WaterMe.entitlements */ = {isa = PBXFileReference; lastKnownFileType = text.plist.entitlements; path = WaterMe.entitlements; sourceTree = "<group>"; };
		50BB0F701EC00E9500850FF4 /* CloudKit.framework */ = {isa = PBXFileReference; lastKnownFileType = wrapper.framework; name = CloudKit.framework; path = System/Library/Frameworks/CloudKit.framework; sourceTree = SDKROOT; };
		50BB0F741EC01B8E00850FF4 /* UserDefaults.swift */ = {isa = PBXFileReference; fileEncoding = 4; lastKnownFileType = sourcecode.swift; path = UserDefaults.swift; sourceTree = "<group>"; };
		50BB0F761EC01DE400850FF4 /* SubscriptionChoiceViewController.swift */ = {isa = PBXFileReference; fileEncoding = 4; lastKnownFileType = sourcecode.swift; path = SubscriptionChoiceViewController.swift; sourceTree = "<group>"; };
		50BB0F781EC01DF500850FF4 /* SubscriptionChoiceCollectionViewController.swift */ = {isa = PBXFileReference; fileEncoding = 4; lastKnownFileType = sourcecode.swift; path = SubscriptionChoiceCollectionViewController.swift; sourceTree = "<group>"; };
		A628444B2D8DB663671AEDAA /* Pods-WaterMe.debug.xcconfig */ = {isa = PBXFileReference; includeInIndex = 1; lastKnownFileType = text.xcconfig; name = "Pods-WaterMe.debug.xcconfig"; path = "Pods/Target Support Files/Pods-WaterMe/Pods-WaterMe.debug.xcconfig"; sourceTree = "<group>"; };
		BD699BFA37D3AF3C06F2E16F /* Pods-WaterMe.release.xcconfig */ = {isa = PBXFileReference; includeInIndex = 1; lastKnownFileType = text.xcconfig; name = "Pods-WaterMe.release.xcconfig"; path = "Pods/Target Support Files/Pods-WaterMe/Pods-WaterMe.release.xcconfig"; sourceTree = "<group>"; };
		FE05FF8D436BDE53480BB717 /* Pods_WaterMe.framework */ = {isa = PBXFileReference; explicitFileType = wrapper.framework; includeInIndex = 0; path = Pods_WaterMe.framework; sourceTree = BUILT_PRODUCTS_DIR; };
/* End PBXFileReference section */

/* Begin PBXFrameworksBuildPhase section */
		50BB0F4D1EBFCDE500850FF4 /* Frameworks */ = {
			isa = PBXFrameworksBuildPhase;
			buildActionMask = 2147483647;
			files = (
				1CDCBC66D8248B650D75B0D9 /* Pods_WaterMe.framework in Frameworks */,
				50BB0F711EC00E9500850FF4 /* CloudKit.framework in Frameworks */,
			);
			runOnlyForDeploymentPostprocessing = 0;
		};
/* End PBXFrameworksBuildPhase section */

/* Begin PBXGroup section */
		18ACE9D1B7A6202F5F3BDC54 /* Pods */ = {
			isa = PBXGroup;
			children = (
				A628444B2D8DB663671AEDAA /* Pods-WaterMe.debug.xcconfig */,
				BD699BFA37D3AF3C06F2E16F /* Pods-WaterMe.release.xcconfig */,
			);
			name = Pods;
			sourceTree = "<group>";
		};
		50BB0F471EBFCDE500850FF4 = {
			isa = PBXGroup;
			children = (
				50BB0F521EBFCDE500850FF4 /* WaterMe */,
				50BB0F511EBFCDE500850FF4 /* Products */,
				18ACE9D1B7A6202F5F3BDC54 /* Pods */,
				E7A7E92A7350217B27E6B8B5 /* Frameworks */,
			);
			sourceTree = "<group>";
		};
		50BB0F511EBFCDE500850FF4 /* Products */ = {
			isa = PBXGroup;
			children = (
				50BB0F501EBFCDE500850FF4 /* WaterMe.app */,
			);
			name = Products;
			sourceTree = "<group>";
		};
		50BB0F521EBFCDE500850FF4 /* WaterMe */ = {
			isa = PBXGroup;
			children = (
				50BB0F531EBFCDE500850FF4 /* AppDelegate.swift */,
				50BB0F741EC01B8E00850FF4 /* UserDefaults.swift */,
				50BB0F761EC01DE400850FF4 /* SubscriptionChoiceViewController.swift */,
				50BB0F781EC01DF500850FF4 /* SubscriptionChoiceCollectionViewController.swift */,
				50BB0F681EC0011800850FF4 /* SubscriptionChoice.storyboard */,
				50BB0F5A1EBFCDE500850FF4 /* Assets.xcassets */,
				50BB0F6B1EC001C200850FF4 /* Videos */,
				50BB0F651EBFF9A700850FF4 /* Settings.bundle */,
				50BB0F671EC0011800850FF4 /* LaunchScreen.storyboard */,
				50BB0F6F1EC00E8E00850FF4 /* WaterMe.entitlements */,
				50BB0F5F1EBFCDE500850FF4 /* Info.plist */,
			);
			path = WaterMe;
			sourceTree = "<group>";
		};
		E7A7E92A7350217B27E6B8B5 /* Frameworks */ = {
			isa = PBXGroup;
			children = (
				50BB0F701EC00E9500850FF4 /* CloudKit.framework */,
				FE05FF8D436BDE53480BB717 /* Pods_WaterMe.framework */,
			);
			name = Frameworks;
			sourceTree = "<group>";
		};
/* End PBXGroup section */

/* Begin PBXNativeTarget section */
		50BB0F4F1EBFCDE500850FF4 /* WaterMe */ = {
			isa = PBXNativeTarget;
			buildConfigurationList = 50BB0F621EBFCDE500850FF4 /* Build configuration list for PBXNativeTarget "WaterMe" */;
			buildPhases = (
				EE1C420035706C3C84EA2DC2 /* [CP] Check Pods Manifest.lock */,
				50BB0F7A1EC214AC00850FF4 /* Swiftlint */,
				50BB0F4C1EBFCDE500850FF4 /* Sources */,
				50BB0F4D1EBFCDE500850FF4 /* Frameworks */,
				50BB0F4E1EBFCDE500850FF4 /* Resources */,
				7B323A8DF8AAFDBE4BB40F9B /* [CP] Embed Pods Frameworks */,
				D6FECF1B9685EBE3960FFE23 /* [CP] Copy Pods Resources */,
			);
			buildRules = (
			);
			dependencies = (
			);
			name = WaterMe;
			productName = WaterMe;
			productReference = 50BB0F501EBFCDE500850FF4 /* WaterMe.app */;
			productType = "com.apple.product-type.application";
		};
/* End PBXNativeTarget section */

/* Begin PBXProject section */
		50BB0F481EBFCDE500850FF4 /* Project object */ = {
			isa = PBXProject;
			attributes = {
				LastSwiftUpdateCheck = 0830;
				LastUpgradeCheck = 0830;
				ORGANIZATIONNAME = "Saturday Apps";
				TargetAttributes = {
					50BB0F4F1EBFCDE500850FF4 = {
						CreatedOnToolsVersion = 8.3.2;
						DevelopmentTeam = V6ESYGU6CV;
						ProvisioningStyle = Automatic;
						SystemCapabilities = {
							com.apple.Push = {
								enabled = 1;
							};
							com.apple.iCloud = {
								enabled = 1;
							};
						};
					};
				};
			};
			buildConfigurationList = 50BB0F4B1EBFCDE500850FF4 /* Build configuration list for PBXProject "WaterMe" */;
			compatibilityVersion = "Xcode 3.2";
			developmentRegion = English;
			hasScannedForEncodings = 0;
			knownRegions = (
				en,
				Base,
			);
			mainGroup = 50BB0F471EBFCDE500850FF4;
			productRefGroup = 50BB0F511EBFCDE500850FF4 /* Products */;
			projectDirPath = "";
			projectRoot = "";
			targets = (
				50BB0F4F1EBFCDE500850FF4 /* WaterMe */,
			);
		};
/* End PBXProject section */

/* Begin PBXResourcesBuildPhase section */
		50BB0F4E1EBFCDE500850FF4 /* Resources */ = {
			isa = PBXResourcesBuildPhase;
			buildActionMask = 2147483647;
			files = (
				50BB0F691EC0011800850FF4 /* LaunchScreen.storyboard in Resources */,
				50BB0F661EBFF9A700850FF4 /* Settings.bundle in Resources */,
				50BB0F5B1EBFCDE500850FF4 /* Assets.xcassets in Resources */,
				50BB0F6A1EC0011800850FF4 /* SubscriptionChoice.storyboard in Resources */,
				50BB0F6C1EC001C200850FF4 /* Videos in Resources */,
			);
			runOnlyForDeploymentPostprocessing = 0;
		};
/* End PBXResourcesBuildPhase section */

/* Begin PBXShellScriptBuildPhase section */
		50BB0F7A1EC214AC00850FF4 /* Swiftlint */ = {
			isa = PBXShellScriptBuildPhase;
			buildActionMask = 2147483647;
			files = (
			);
			inputPaths = (
			);
			name = Swiftlint;
			outputPaths = (
			);
			runOnlyForDeploymentPostprocessing = 0;
			shellPath = /bin/sh;
			shellScript = "if which swiftlint >/dev/null; then\n    swiftlint\nelse\n    echo \"warning: SwiftLint not installed, download from https://github.com/realm/SwiftLint\"\nfi";
		};
		7B323A8DF8AAFDBE4BB40F9B /* [CP] Embed Pods Frameworks */ = {
			isa = PBXShellScriptBuildPhase;
			buildActionMask = 2147483647;
			files = (
			);
			inputPaths = (
			);
			name = "[CP] Embed Pods Frameworks";
			outputPaths = (
			);
			runOnlyForDeploymentPostprocessing = 0;
			shellPath = /bin/sh;
			shellScript = "\"${SRCROOT}/Pods/Target Support Files/Pods-WaterMe/Pods-WaterMe-frameworks.sh\"\n";
			showEnvVarsInLog = 0;
		};
		D6FECF1B9685EBE3960FFE23 /* [CP] Copy Pods Resources */ = {
			isa = PBXShellScriptBuildPhase;
			buildActionMask = 2147483647;
			files = (
			);
			inputPaths = (
			);
			name = "[CP] Copy Pods Resources";
			outputPaths = (
			);
			runOnlyForDeploymentPostprocessing = 0;
			shellPath = /bin/sh;
			shellScript = "\"${SRCROOT}/Pods/Target Support Files/Pods-WaterMe/Pods-WaterMe-resources.sh\"\n";
			showEnvVarsInLog = 0;
		};
		EE1C420035706C3C84EA2DC2 /* [CP] Check Pods Manifest.lock */ = {
			isa = PBXShellScriptBuildPhase;
			buildActionMask = 2147483647;
			files = (
			);
			inputPaths = (
			);
			name = "[CP] Check Pods Manifest.lock";
			outputPaths = (
			);
			runOnlyForDeploymentPostprocessing = 0;
			shellPath = /bin/sh;
			shellScript = "diff \"${PODS_PODFILE_DIR_PATH}/Podfile.lock\" \"${PODS_ROOT}/Manifest.lock\" > /dev/null\nif [ $? != 0 ] ; then\n    # print error to STDERR\n    echo \"error: The sandbox is not in sync with the Podfile.lock. Run 'pod install' or update your CocoaPods installation.\" >&2\n    exit 1\nfi\n";
			showEnvVarsInLog = 0;
		};
/* End PBXShellScriptBuildPhase section */

/* Begin PBXSourcesBuildPhase section */
		50BB0F4C1EBFCDE500850FF4 /* Sources */ = {
			isa = PBXSourcesBuildPhase;
			buildActionMask = 2147483647;
			files = (
				50BB0F771EC01DE400850FF4 /* SubscriptionChoiceViewController.swift in Sources */,
				50BB0F751EC01B8E00850FF4 /* UserDefaults.swift in Sources */,
				50BB0F791EC01DF500850FF4 /* SubscriptionChoiceCollectionViewController.swift in Sources */,
				50BB0F541EBFCDE500850FF4 /* AppDelegate.swift in Sources */,
			);
			runOnlyForDeploymentPostprocessing = 0;
		};
/* End PBXSourcesBuildPhase section */

/* Begin XCBuildConfiguration section */
		50BB0F601EBFCDE500850FF4 /* Debug */ = {
			isa = XCBuildConfiguration;
			buildSettings = {
				ALWAYS_SEARCH_USER_PATHS = NO;
				CLANG_ANALYZER_NONNULL = YES;
				CLANG_ANALYZER_NUMBER_OBJECT_CONVERSION = YES_AGGRESSIVE;
				CLANG_CXX_LANGUAGE_STANDARD = "gnu++0x";
				CLANG_CXX_LIBRARY = "libc++";
				CLANG_ENABLE_MODULES = YES;
				CLANG_ENABLE_OBJC_ARC = YES;
				CLANG_WARN_BOOL_CONVERSION = YES;
				CLANG_WARN_CONSTANT_CONVERSION = YES;
				CLANG_WARN_DIRECT_OBJC_ISA_USAGE = YES_ERROR;
				CLANG_WARN_DOCUMENTATION_COMMENTS = YES;
				CLANG_WARN_EMPTY_BODY = YES;
				CLANG_WARN_ENUM_CONVERSION = YES;
				CLANG_WARN_INFINITE_RECURSION = YES;
				CLANG_WARN_INT_CONVERSION = YES;
				CLANG_WARN_OBJC_ROOT_CLASS = YES_ERROR;
				CLANG_WARN_SUSPICIOUS_MOVE = YES;
				CLANG_WARN_UNREACHABLE_CODE = YES;
				CLANG_WARN__DUPLICATE_METHOD_MATCH = YES;
				"CODE_SIGN_IDENTITY[sdk=iphoneos*]" = "iPhone Developer";
				COPY_PHASE_STRIP = NO;
				DEBUG_INFORMATION_FORMAT = dwarf;
				ENABLE_STRICT_OBJC_MSGSEND = YES;
				ENABLE_TESTABILITY = YES;
				GCC_C_LANGUAGE_STANDARD = gnu99;
				GCC_DYNAMIC_NO_PIC = NO;
				GCC_NO_COMMON_BLOCKS = YES;
				GCC_OPTIMIZATION_LEVEL = 0;
				GCC_PREPROCESSOR_DEFINITIONS = (
					"DEBUG=1",
					"$(inherited)",
				);
				GCC_WARN_64_TO_32_BIT_CONVERSION = YES;
				GCC_WARN_ABOUT_RETURN_TYPE = YES_ERROR;
				GCC_WARN_UNDECLARED_SELECTOR = YES;
				GCC_WARN_UNINITIALIZED_AUTOS = YES_AGGRESSIVE;
				GCC_WARN_UNUSED_FUNCTION = YES;
				GCC_WARN_UNUSED_VARIABLE = YES;
				IPHONEOS_DEPLOYMENT_TARGET = 10.3;
				MTL_ENABLE_DEBUG_INFO = YES;
				ONLY_ACTIVE_ARCH = YES;
				SDKROOT = iphoneos;
				SWIFT_ACTIVE_COMPILATION_CONDITIONS = DEBUG;
				SWIFT_OPTIMIZATION_LEVEL = "-Onone";
			};
			name = Debug;
		};
		50BB0F611EBFCDE500850FF4 /* Release */ = {
			isa = XCBuildConfiguration;
			buildSettings = {
				ALWAYS_SEARCH_USER_PATHS = NO;
				CLANG_ANALYZER_NONNULL = YES;
				CLANG_ANALYZER_NUMBER_OBJECT_CONVERSION = YES_AGGRESSIVE;
				CLANG_CXX_LANGUAGE_STANDARD = "gnu++0x";
				CLANG_CXX_LIBRARY = "libc++";
				CLANG_ENABLE_MODULES = YES;
				CLANG_ENABLE_OBJC_ARC = YES;
				CLANG_WARN_BOOL_CONVERSION = YES;
				CLANG_WARN_CONSTANT_CONVERSION = YES;
				CLANG_WARN_DIRECT_OBJC_ISA_USAGE = YES_ERROR;
				CLANG_WARN_DOCUMENTATION_COMMENTS = YES;
				CLANG_WARN_EMPTY_BODY = YES;
				CLANG_WARN_ENUM_CONVERSION = YES;
				CLANG_WARN_INFINITE_RECURSION = YES;
				CLANG_WARN_INT_CONVERSION = YES;
				CLANG_WARN_OBJC_ROOT_CLASS = YES_ERROR;
				CLANG_WARN_SUSPICIOUS_MOVE = YES;
				CLANG_WARN_UNREACHABLE_CODE = YES;
				CLANG_WARN__DUPLICATE_METHOD_MATCH = YES;
				"CODE_SIGN_IDENTITY[sdk=iphoneos*]" = "iPhone Developer";
				COPY_PHASE_STRIP = NO;
				DEBUG_INFORMATION_FORMAT = "dwarf-with-dsym";
				ENABLE_NS_ASSERTIONS = NO;
				ENABLE_STRICT_OBJC_MSGSEND = YES;
				GCC_C_LANGUAGE_STANDARD = gnu99;
				GCC_NO_COMMON_BLOCKS = YES;
				GCC_WARN_64_TO_32_BIT_CONVERSION = YES;
				GCC_WARN_ABOUT_RETURN_TYPE = YES_ERROR;
				GCC_WARN_UNDECLARED_SELECTOR = YES;
				GCC_WARN_UNINITIALIZED_AUTOS = YES_AGGRESSIVE;
				GCC_WARN_UNUSED_FUNCTION = YES;
				GCC_WARN_UNUSED_VARIABLE = YES;
				IPHONEOS_DEPLOYMENT_TARGET = 10.3;
				MTL_ENABLE_DEBUG_INFO = NO;
				SDKROOT = iphoneos;
				SWIFT_OPTIMIZATION_LEVEL = "-Owholemodule";
				VALIDATE_PRODUCT = YES;
			};
			name = Release;
		};
		50BB0F631EBFCDE500850FF4 /* Debug */ = {
			isa = XCBuildConfiguration;
			baseConfigurationReference = A628444B2D8DB663671AEDAA /* Pods-WaterMe.debug.xcconfig */;
			buildSettings = {
				ASSETCATALOG_COMPILER_APPICON_NAME = AppIcon;
				CODE_SIGN_ENTITLEMENTS = WaterMe/WaterMe.entitlements;
				DEVELOPMENT_TEAM = V6ESYGU6CV;
				INFOPLIST_FILE = WaterMe/Info.plist;
				IPHONEOS_DEPLOYMENT_TARGET = 10.3;
				LD_RUNPATH_SEARCH_PATHS = "$(inherited) @executable_path/Frameworks";
				PRODUCT_BUNDLE_IDENTIFIER = com.saturdayapps.WaterMe;
				PRODUCT_NAME = "$(TARGET_NAME)";
				SWIFT_VERSION = 3.0;
				TARGETED_DEVICE_FAMILY = "1,2";
			};
			name = Debug;
		};
		50BB0F641EBFCDE500850FF4 /* Release */ = {
			isa = XCBuildConfiguration;
			baseConfigurationReference = BD699BFA37D3AF3C06F2E16F /* Pods-WaterMe.release.xcconfig */;
			buildSettings = {
				ASSETCATALOG_COMPILER_APPICON_NAME = AppIcon;
				CODE_SIGN_ENTITLEMENTS = WaterMe/WaterMe.entitlements;
				DEVELOPMENT_TEAM = V6ESYGU6CV;
				INFOPLIST_FILE = WaterMe/Info.plist;
				IPHONEOS_DEPLOYMENT_TARGET = 10.3;
				LD_RUNPATH_SEARCH_PATHS = "$(inherited) @executable_path/Frameworks";
				PRODUCT_BUNDLE_IDENTIFIER = com.saturdayapps.WaterMe;
				PRODUCT_NAME = "$(TARGET_NAME)";
				SWIFT_VERSION = 3.0;
				TARGETED_DEVICE_FAMILY = "1,2";
			};
			name = Release;
		};
/* End XCBuildConfiguration section */

/* Begin XCConfigurationList section */
		50BB0F4B1EBFCDE500850FF4 /* Build configuration list for PBXProject "WaterMe" */ = {
			isa = XCConfigurationList;
			buildConfigurations = (
				50BB0F601EBFCDE500850FF4 /* Debug */,
				50BB0F611EBFCDE500850FF4 /* Release */,
			);
			defaultConfigurationIsVisible = 0;
			defaultConfigurationName = Release;
		};
		50BB0F621EBFCDE500850FF4 /* Build configuration list for PBXNativeTarget "WaterMe" */ = {
			isa = XCConfigurationList;
			buildConfigurations = (
				50BB0F631EBFCDE500850FF4 /* Debug */,
				50BB0F641EBFCDE500850FF4 /* Release */,
			);
			defaultConfigurationIsVisible = 0;
			defaultConfigurationName = Release;
		};
/* End XCConfigurationList section */
	};
	rootObject = 50BB0F481EBFCDE500850FF4 /* Project object */;
}
