PODS:
  - Cheers (2.1.0)
  - CropViewController (2.3.8)
  - ObjcExceptionBridging (1.0.1):
    - ObjcExceptionBridging/ObjcExceptionBridging (= 1.0.1)
  - ObjcExceptionBridging/ObjcExceptionBridging (1.0.1)
  - Realm (3.7.6):
    - Realm/Headers (= 3.7.6)
  - Realm/Headers (3.7.6)
  - RealmSwift (3.7.6):
    - Realm (= 3.7.6)
  - Result (5.0.0)
  - SimpleImageViewer (1.1.1)
  - WaterMeData (1.0.0):
    - RealmSwift
    - Result
    - XCGLogger
  - WaterMeStore (1.0.0):
    - Result
    - XCGLogger
  - XCGLogger (6.1.0):
    - XCGLogger/Core (= 6.1.0)
  - XCGLogger/Core (6.1.0):
    - ObjcExceptionBridging

DEPENDENCIES:
  - Cheers (~> 2.1.0)
  - CropViewController (~> 2.3.8)
  - RealmSwift
  - RealmSwift (~> 3.7.6)
  - SimpleImageViewer (~> 1.1.1)
  - WaterMeData (from `WaterMeData`)
  - WaterMeStore (from `WaterMeStore`)
  - XCGLogger
  - XCGLogger (~> 6.1.0)

SPEC REPOS:
  trunk:
    - Cheers
    - CropViewController
    - ObjcExceptionBridging
    - Realm
    - RealmSwift
    - Result
    - SimpleImageViewer
    - XCGLogger

EXTERNAL SOURCES:
  WaterMeData:
    :path: WaterMeData
  WaterMeStore:
    :path: WaterMeStore

SPEC CHECKSUMS:
  Cheers: 02d6335ac9ceb1ebf678df78d378bc71242a015e
  CropViewController: 7be882b7d3fb3faef48a41924e80f689e9df2514
  ObjcExceptionBridging: c30e00eb3700467e695faeea30e26e18bd445001
  Realm: 9eaecad54712d6246d08ba34c10f354e4715d7d3
  RealmSwift: 1fe08b4ebaeeaacf17f9ba0343f7b25c9fc31fa6
  Result: ed341d2f236af425b803e690e9bd8fd0a0cb7c5a
  SimpleImageViewer: 34c3a2cde2d9ac022146772cefc27fca14b0c8b1
  WaterMeData: 4ab15af6eb99b90c9a904959b11bfccf5214c2f7
  WaterMeStore: f10bb19def2e4ecde8c7819d795278e82dd7eb57
  XCGLogger: 7f7f43f15dfe3a305fa1342b7dc29af656289abd

PODFILE CHECKSUM: 36af7304c7798ec1a04ad6a8f02007fd08ec968f

COCOAPODS: 1.8.4
