PODS:
  - Cheers (2.1.0)
  - Crashlytics (3.10.7):
    - Fabric (~> 1.7.11)
  - CropViewController (2.3.8)
  - Fabric (1.7.11)
  - ObjcExceptionBridging (1.0.1):
    - ObjcExceptionBridging/ObjcExceptionBridging (= 1.0.1)
  - ObjcExceptionBridging/ObjcExceptionBridging (1.0.1)
  - Realm (3.7.6):
    - Realm/Headers (= 3.7.6)
  - Realm/Headers (3.7.6)
  - RealmSwift (3.7.6):
    - Realm (= 3.7.6)
  - Result (4.0.0)
  - SimpleImageViewer (1.1.1)
  - WaterMeData (1.0.0):
    - RealmSwift
    - Result
    - XCGLogger
  - WaterMeStore (1.0.0):
    - Result
    - XCGLogger
  - XCGLogger (6.0.4):
    - XCGLogger/Core (= 6.0.4)
  - XCGLogger/Core (6.0.4):
    - ObjcExceptionBridging

DEPENDENCIES:
  - Cheers (~> 2.1.0)
  - Crashlytics (~> 3.10.7)
  - CropViewController (~> 2.3.6)
  - RealmSwift
  - RealmSwift (~> 3.7.6)
  - Result
  - Result (~> 4.0.0)
  - SimpleImageViewer (~> 1.1.1)
  - WaterMeData (from `WaterMeData`)
  - WaterMeStore (from `WaterMeStore`)
  - XCGLogger
  - XCGLogger (~> 6.0.4)

SPEC REPOS:
  https://github.com/cocoapods/specs.git:
    - Cheers
    - Crashlytics
    - CropViewController
    - Fabric
    - ObjcExceptionBridging
    - Realm
    - RealmSwift
    - Result
    - SimpleImageViewer
    - XCGLogger

EXTERNAL SOURCES:
  WaterMeData:
    :path: WaterMeData
  WaterMeStore:
    :path: WaterMeStore

SPEC CHECKSUMS:
  Cheers: 02d6335ac9ceb1ebf678df78d378bc71242a015e
  Crashlytics: ccaac42660eb9351b9960c0d66106b0bcf99f4fa
  CropViewController: 7be882b7d3fb3faef48a41924e80f689e9df2514
  Fabric: f233c9492b3bbc1f04e3882986740f7988a58edb
  ObjcExceptionBridging: c30e00eb3700467e695faeea30e26e18bd445001
  Realm: 9eaecad54712d6246d08ba34c10f354e4715d7d3
  RealmSwift: 1fe08b4ebaeeaacf17f9ba0343f7b25c9fc31fa6
  Result: 7645bb3f50c2ce726dd0ff2fa7b6f42bbe6c3713
  SimpleImageViewer: 34c3a2cde2d9ac022146772cefc27fca14b0c8b1
  WaterMeData: 825933d3d46c919e74802e925c209e8bec928664
  WaterMeStore: 93bd5273c31f719e2d85889c1a0ad3b528970a10
  XCGLogger: 4fc1bc0bdd5828cb8dc8da7a843536cda1bea8f3

PODFILE CHECKSUM: 2be494810c6ff8139f179a7633d26d4deefdd380

COCOAPODS: 1.5.3
